// !$*UTF8*$!
{
	archiveVersion = 1;
	classes = {
	};
	objectVersion = 50;
	objects = {

/* Begin PBXBuildFile section */
		DDFEBBDC22430FEE00ACD899 /* AppDelegate.swift in Sources */ = {isa = PBXBuildFile; fileRef = DDFEBBDB22430FEE00ACD899 /* AppDelegate.swift */; };
		DDFEBBDE22430FEE00ACD899 /* ViewController.swift in Sources */ = {isa = PBXBuildFile; fileRef = DDFEBBDD22430FEE00ACD899 /* ViewController.swift */; };
		DDFEBBE122430FEE00ACD899 /* Main.storyboard in Resources */ = {isa = PBXBuildFile; fileRef = DDFEBBDF22430FEE00ACD899 /* Main.storyboard */; };
		DDFEBBE422430FEE00ACD899 /* Color_Picker.xcdatamodeld in Sources */ = {isa = PBXBuildFile; fileRef = DDFEBBE222430FEE00ACD899 /* Color_Picker.xcdatamodeld */; };
		DDFEBBE622430FEF00ACD899 /* Assets.xcassets in Resources */ = {isa = PBXBuildFile; fileRef = DDFEBBE522430FEF00ACD899 /* Assets.xcassets */; };
		DDFEBBE922430FEF00ACD899 /* LaunchScreen.storyboard in Resources */ = {isa = PBXBuildFile; fileRef = DDFEBBE722430FEF00ACD899 /* LaunchScreen.storyboard */; };
		DDFEBBF422430FEF00ACD899 /* Color_PickerUITests.swift in Sources */ = {isa = PBXBuildFile; fileRef = DDFEBBF322430FEF00ACD899 /* Color_PickerUITests.swift */; };
/* End PBXBuildFile section */

/* Begin PBXContainerItemProxy section */
		DDFEBBF022430FEF00ACD899 /* PBXContainerItemProxy */ = {
			isa = PBXContainerItemProxy;
			containerPortal = DDFEBBD022430FEE00ACD899 /* Project object */;
			proxyType = 1;
			remoteGlobalIDString = DDFEBBD722430FEE00ACD899;
			remoteInfo = "Color Picker";
		};
/* End PBXContainerItemProxy section */

/* Begin PBXFileReference section */
		DDFEBBD822430FEE00ACD899 /* Color Picker.app */ = {isa = PBXFileReference; explicitFileType = wrapper.application; includeInIndex = 0; path = "Color Picker.app"; sourceTree = BUILT_PRODUCTS_DIR; };
		DDFEBBDB22430FEE00ACD899 /* AppDelegate.swift */ = {isa = PBXFileReference; lastKnownFileType = sourcecode.swift; path = AppDelegate.swift; sourceTree = "<group>"; };
		DDFEBBDD22430FEE00ACD899 /* ViewController.swift */ = {isa = PBXFileReference; lastKnownFileType = sourcecode.swift; path = ViewController.swift; sourceTree = "<group>"; };
		DDFEBBE022430FEE00ACD899 /* Base */ = {isa = PBXFileReference; lastKnownFileType = file.storyboard; name = Base; path = Base.lproj/Main.storyboard; sourceTree = "<group>"; };
		DDFEBBE322430FEE00ACD899 /* Color_Picker.xcdatamodel */ = {isa = PBXFileReference; lastKnownFileType = wrapper.xcdatamodel; path = Color_Picker.xcdatamodel; sourceTree = "<group>"; };
		DDFEBBE522430FEF00ACD899 /* Assets.xcassets */ = {isa = PBXFileReference; lastKnownFileType = folder.assetcatalog; path = Assets.xcassets; sourceTree = "<group>"; };
		DDFEBBE822430FEF00ACD899 /* Base */ = {isa = PBXFileReference; lastKnownFileType = file.storyboard; name = Base; path = Base.lproj/LaunchScreen.storyboard; sourceTree = "<group>"; };
		DDFEBBEA22430FEF00ACD899 /* Info.plist */ = {isa = PBXFileReference; lastKnownFileType = text.plist.xml; path = Info.plist; sourceTree = "<group>"; };
		DDFEBBEF22430FEF00ACD899 /* Color PickerUITests.xctest */ = {isa = PBXFileReference; explicitFileType = wrapper.cfbundle; includeInIndex = 0; path = "Color PickerUITests.xctest"; sourceTree = BUILT_PRODUCTS_DIR; };
		DDFEBBF322430FEF00ACD899 /* Color_PickerUITests.swift */ = {isa = PBXFileReference; lastKnownFileType = sourcecode.swift; path = Color_PickerUITests.swift; sourceTree = "<group>"; };
		DDFEBBF522430FEF00ACD899 /* Info.plist */ = {isa = PBXFileReference; lastKnownFileType = text.plist.xml; path = Info.plist; sourceTree = "<group>"; };
/* End PBXFileReference section */

/* Begin PBXFrameworksBuildPhase section */
		DDFEBBD522430FEE00ACD899 /* Frameworks */ = {
			isa = PBXFrameworksBuildPhase;
			buildActionMask = 2147483647;
			files = (
			);
			runOnlyForDeploymentPostprocessing = 0;
		};
		DDFEBBEC22430FEF00ACD899 /* Frameworks */ = {
			isa = PBXFrameworksBuildPhase;
			buildActionMask = 2147483647;
			files = (
			);
			runOnlyForDeploymentPostprocessing = 0;
		};
/* End PBXFrameworksBuildPhase section */

/* Begin PBXGroup section */
		DDFEBBCF22430FEE00ACD899 = {
			isa = PBXGroup;
			children = (
				DDFEBBDA22430FEE00ACD899 /* Color Picker */,
				DDFEBBF222430FEF00ACD899 /* Color PickerUITests */,
				DDFEBBD922430FEE00ACD899 /* Products */,
			);
			sourceTree = "<group>";
		};
		DDFEBBD922430FEE00ACD899 /* Products */ = {
			isa = PBXGroup;
			children = (
				DDFEBBD822430FEE00ACD899 /* Color Picker.app */,
				DDFEBBEF22430FEF00ACD899 /* Color PickerUITests.xctest */,
			);
			name = Products;
			sourceTree = "<group>";
		};
		DDFEBBDA22430FEE00ACD899 /* Color Picker */ = {
			isa = PBXGroup;
			children = (
				DDFEBBDB22430FEE00ACD899 /* AppDelegate.swift */,
				DDFEBBDD22430FEE00ACD899 /* ViewController.swift */,
				DDFEBBDF22430FEE00ACD899 /* Main.storyboard */,
				DDFEBBE522430FEF00ACD899 /* Assets.xcassets */,
				DDFEBBE722430FEF00ACD899 /* LaunchScreen.storyboard */,
				DDFEBBEA22430FEF00ACD899 /* Info.plist */,
				DDFEBBE222430FEE00ACD899 /* Color_Picker.xcdatamodeld */,
			);
			path = "Color Picker";
			sourceTree = "<group>";
		};
		DDFEBBF222430FEF00ACD899 /* Color PickerUITests */ = {
			isa = PBXGroup;
			children = (
				DDFEBBF322430FEF00ACD899 /* Color_PickerUITests.swift */,
				DDFEBBF522430FEF00ACD899 /* Info.plist */,
			);
			path = "Color PickerUITests";
			sourceTree = "<group>";
		};
/* End PBXGroup section */

/* Begin PBXNativeTarget section */
		DDFEBBD722430FEE00ACD899 /* Color Picker */ = {
			isa = PBXNativeTarget;
			buildConfigurationList = DDFEBBF822430FEF00ACD899 /* Build configuration list for PBXNativeTarget "Color Picker" */;
			buildPhases = (
				DDFEBBD422430FEE00ACD899 /* Sources */,
				DDFEBBD522430FEE00ACD899 /* Frameworks */,
				DDFEBBD622430FEE00ACD899 /* Resources */,
			);
			buildRules = (
			);
			dependencies = (
			);
			name = "Color Picker";
			productName = "Color Picker";
			productReference = DDFEBBD822430FEE00ACD899 /* Color Picker.app */;
			productType = "com.apple.product-type.application";
		};
		DDFEBBEE22430FEF00ACD899 /* Color PickerUITests */ = {
			isa = PBXNativeTarget;
			buildConfigurationList = DDFEBBFB22430FEF00ACD899 /* Build configuration list for PBXNativeTarget "Color PickerUITests" */;
			buildPhases = (
				DDFEBBEB22430FEF00ACD899 /* Sources */,
				DDFEBBEC22430FEF00ACD899 /* Frameworks */,
				DDFEBBED22430FEF00ACD899 /* Resources */,
			);
			buildRules = (
			);
			dependencies = (
				DDFEBBF122430FEF00ACD899 /* PBXTargetDependency */,
			);
			name = "Color PickerUITests";
			productName = "Color PickerUITests";
			productReference = DDFEBBEF22430FEF00ACD899 /* Color PickerUITests.xctest */;
			productType = "com.apple.product-type.bundle.ui-testing";
		};
/* End PBXNativeTarget section */

/* Begin PBXProject section */
		DDFEBBD022430FEE00ACD899 /* Project object */ = {
			isa = PBXProject;
			attributes = {
				LastSwiftUpdateCheck = 1010;
				LastUpgradeCheck = 1010;
				ORGANIZATIONNAME = "Lauren Cochran";
				TargetAttributes = {
					DDFEBBD722430FEE00ACD899 = {
						CreatedOnToolsVersion = 10.1;
					};
					DDFEBBEE22430FEF00ACD899 = {
						CreatedOnToolsVersion = 10.1;
						TestTargetID = DDFEBBD722430FEE00ACD899;
					};
				};
			};
			buildConfigurationList = DDFEBBD322430FEE00ACD899 /* Build configuration list for PBXProject "Color Picker" */;
			compatibilityVersion = "Xcode 9.3";
			developmentRegion = en;
			hasScannedForEncodings = 0;
			knownRegions = (
				en,
				Base,
			);
			mainGroup = DDFEBBCF22430FEE00ACD899;
			productRefGroup = DDFEBBD922430FEE00ACD899 /* Products */;
			projectDirPath = "";
			projectRoot = "";
			targets = (
				DDFEBBD722430FEE00ACD899 /* Color Picker */,
				DDFEBBEE22430FEF00ACD899 /* Color PickerUITests */,
			);
		};
/* End PBXProject section */

/* Begin PBXResourcesBuildPhase section */
		DDFEBBD622430FEE00ACD899 /* Resources */ = {
			isa = PBXResourcesBuildPhase;
			buildActionMask = 2147483647;
			files = (
				DDFEBBE922430FEF00ACD899 /* LaunchScreen.storyboard in Resources */,
				DDFEBBE622430FEF00ACD899 /* Assets.xcassets in Resources */,
				DDFEBBE122430FEE00ACD899 /* Main.storyboard in Resources */,
			);
			runOnlyForDeploymentPostprocessing = 0;
		};
		DDFEBBED22430FEF00ACD899 /* Resources */ = {
			isa = PBXResourcesBuildPhase;
			buildActionMask = 2147483647;
			files = (
			);
			runOnlyForDeploymentPostprocessing = 0;
		};
/* End PBXResourcesBuildPhase section */

/* Begin PBXSourcesBuildPhase section */
		DDFEBBD422430FEE00ACD899 /* Sources */ = {
			isa = PBXSourcesBuildPhase;
			buildActionMask = 2147483647;
			files = (
				DDFEBBE422430FEE00ACD899 /* Color_Picker.xcdatamodeld in Sources */,
				DDFEBBDE22430FEE00ACD899 /* ViewController.swift in Sources */,
				DDFEBBDC22430FEE00ACD899 /* AppDelegate.swift in Sources */,
			);
			runOnlyForDeploymentPostprocessing = 0;
		};
		DDFEBBEB22430FEF00ACD899 /* Sources */ = {
			isa = PBXSourcesBuildPhase;
			buildActionMask = 2147483647;
			files = (
				DDFEBBF422430FEF00ACD899 /* Color_PickerUITests.swift in Sources */,
			);
			runOnlyForDeploymentPostprocessing = 0;
		};
/* End PBXSourcesBuildPhase section */

/* Begin PBXTargetDependency section */
		DDFEBBF122430FEF00ACD899 /* PBXTargetDependency */ = {
			isa = PBXTargetDependency;
			target = DDFEBBD722430FEE00ACD899 /* Color Picker */;
			targetProxy = DDFEBBF022430FEF00ACD899 /* PBXContainerItemProxy */;
		};
/* End PBXTargetDependency section */

/* Begin PBXVariantGroup section */
		DDFEBBDF22430FEE00ACD899 /* Main.storyboard */ = {
			isa = PBXVariantGroup;
			children = (
				DDFEBBE022430FEE00ACD899 /* Base */,
			);
			name = Main.storyboard;
			sourceTree = "<group>";
		};
		DDFEBBE722430FEF00ACD899 /* LaunchScreen.storyboard */ = {
			isa = PBXVariantGroup;
			children = (
				DDFEBBE822430FEF00ACD899 /* Base */,
			);
			name = LaunchScreen.storyboard;
			sourceTree = "<group>";
		};
/* End PBXVariantGroup section */

/* Begin XCBuildConfiguration section */
		DDFEBBF622430FEF00ACD899 /* Debug */ = {
			isa = XCBuildConfiguration;
			buildSettings = {
				ALWAYS_SEARCH_USER_PATHS = NO;
				CLANG_ANALYZER_NONNULL = YES;
				CLANG_ANALYZER_NUMBER_OBJECT_CONVERSION = YES_AGGRESSIVE;
				CLANG_CXX_LANGUAGE_STANDARD = "gnu++14";
				CLANG_CXX_LIBRARY = "libc++";
				CLANG_ENABLE_MODULES = YES;
				CLANG_ENABLE_OBJC_ARC = YES;
				CLANG_ENABLE_OBJC_WEAK = YES;
				CLANG_WARN_BLOCK_CAPTURE_AUTORELEASING = YES;
				CLANG_WARN_BOOL_CONVERSION = YES;
				CLANG_WARN_COMMA = YES;
				CLANG_WARN_CONSTANT_CONVERSION = YES;
				CLANG_WARN_DEPRECATED_OBJC_IMPLEMENTATIONS = YES;
				CLANG_WARN_DIRECT_OBJC_ISA_USAGE = YES_ERROR;
				CLANG_WARN_DOCUMENTATION_COMMENTS = YES;
				CLANG_WARN_EMPTY_BODY = YES;
				CLANG_WARN_ENUM_CONVERSION = YES;
				CLANG_WARN_INFINITE_RECURSION = YES;
				CLANG_WARN_INT_CONVERSION = YES;
				CLANG_WARN_NON_LITERAL_NULL_CONVERSION = YES;
				CLANG_WARN_OBJC_IMPLICIT_RETAIN_SELF = YES;
				CLANG_WARN_OBJC_LITERAL_CONVERSION = YES;
				CLANG_WARN_OBJC_ROOT_CLASS = YES_ERROR;
				CLANG_WARN_RANGE_LOOP_ANALYSIS = YES;
				CLANG_WARN_STRICT_PROTOTYPES = YES;
				CLANG_WARN_SUSPICIOUS_MOVE = YES;
				CLANG_WARN_UNGUARDED_AVAILABILITY = YES_AGGRESSIVE;
				CLANG_WARN_UNREACHABLE_CODE = YES;
				CLANG_WARN__DUPLICATE_METHOD_MATCH = YES;
				CODE_SIGN_IDENTITY = "iPhone Developer";
				COPY_PHASE_STRIP = NO;
				DEBUG_INFORMATION_FORMAT = dwarf;
				ENABLE_STRICT_OBJC_MSGSEND = YES;
				ENABLE_TESTABILITY = YES;
				GCC_C_LANGUAGE_STANDARD = gnu11;
				GCC_DYNAMIC_NO_PIC = NO;
				GCC_NO_COMMON_BLOCKS = YES;
				GCC_OPTIMIZATION_LEVEL = 0;
				GCC_PREPROCESSOR_DEFINITIONS = (
					"DEBUG=1",
					"$(inherited)",
				);
				GCC_WARN_64_TO_32_BIT_CONVERSION = YES;
				GCC_WARN_ABOUT_RETURN_TYPE = YES_ERROR;
				GCC_WARN_UNDECLARED_SELECTOR = YES;
				GCC_WARN_UNINITIALIZED_AUTOS = YES_AGGRESSIVE;
				GCC_WARN_UNUSED_FUNCTION = YES;
				GCC_WARN_UNUSED_VARIABLE = YES;
				IPHONEOS_DEPLOYMENT_TARGET = 12.1;
				MTL_ENABLE_DEBUG_INFO = INCLUDE_SOURCE;
				MTL_FAST_MATH = YES;
				ONLY_ACTIVE_ARCH = YES;
				SDKROOT = iphoneos;
				SWIFT_ACTIVE_COMPILATION_CONDITIONS = DEBUG;
				SWIFT_OPTIMIZATION_LEVEL = "-Onone";
			};
			name = Debug;
		};
		DDFEBBF722430FEF00ACD899 /* Release */ = {
			isa = XCBuildConfiguration;
			buildSettings = {
				ALWAYS_SEARCH_USER_PATHS = NO;
				CLANG_ANALYZER_NONNULL = YES;
				CLANG_ANALYZER_NUMBER_OBJECT_CONVERSION = YES_AGGRESSIVE;
				CLANG_CXX_LANGUAGE_STANDARD = "gnu++14";
				CLANG_CXX_LIBRARY = "libc++";
				CLANG_ENABLE_MODULES = YES;
				CLANG_ENABLE_OBJC_ARC = YES;
				CLANG_ENABLE_OBJC_WEAK = YES;
				CLANG_WARN_BLOCK_CAPTURE_AUTORELEASING = YES;
				CLANG_WARN_BOOL_CONVERSION = YES;
				CLANG_WARN_COMMA = YES;
				CLANG_WARN_CONSTANT_CONVERSION = YES;
				CLANG_WARN_DEPRECATED_OBJC_IMPLEMENTATIONS = YES;
				CLANG_WARN_DIRECT_OBJC_ISA_USAGE = YES_ERROR;
				CLANG_WARN_DOCUMENTATION_COMMENTS = YES;
				CLANG_WARN_EMPTY_BODY = YES;
				CLANG_WARN_ENUM_CONVERSION = YES;
				CLANG_WARN_INFINITE_RECURSION = YES;
				CLANG_WARN_INT_CONVERSION = YES;
				CLANG_WARN_NON_LITERAL_NULL_CONVERSION = YES;
				CLANG_WARN_OBJC_IMPLICIT_RETAIN_SELF = YES;
				CLANG_WARN_OBJC_LITERAL_CONVERSION = YES;
				CLANG_WARN_OBJC_ROOT_CLASS = YES_ERROR;
				CLANG_WARN_RANGE_LOOP_ANALYSIS = YES;
				CLANG_WARN_STRICT_PROTOTYPES = YES;
				CLANG_WARN_SUSPICIOUS_MOVE = YES;
				CLANG_WARN_UNGUARDED_AVAILABILITY = YES_AGGRESSIVE;
				CLANG_WARN_UNREACHABLE_CODE = YES;
				CLANG_WARN__DUPLICATE_METHOD_MATCH = YES;
				CODE_SIGN_IDENTITY = "iPhone Developer";
				COPY_PHASE_STRIP = NO;
				DEBUG_INFORMATION_FORMAT = "dwarf-with-dsym";
				ENABLE_NS_ASSERTIONS = NO;
				ENABLE_STRICT_OBJC_MSGSEND = YES;
				GCC_C_LANGUAGE_STANDARD = gnu11;
				GCC_NO_COMMON_BLOCKS = YES;
				GCC_WARN_64_TO_32_BIT_CONVERSION = YES;
				GCC_WARN_ABOUT_RETURN_TYPE = YES_ERROR;
				GCC_WARN_UNDECLARED_SELECTOR = YES;
				GCC_WARN_UNINITIALIZED_AUTOS = YES_AGGRESSIVE;
				GCC_WARN_UNUSED_FUNCTION = YES;
				GCC_WARN_UNUSED_VARIABLE = YES;
				IPHONEOS_DEPLOYMENT_TARGET = 12.1;
				MTL_ENABLE_DEBUG_INFO = NO;
				MTL_FAST_MATH = YES;
				SDKROOT = iphoneos;
				SWIFT_COMPILATION_MODE = wholemodule;
				SWIFT_OPTIMIZATION_LEVEL = "-O";
				VALIDATE_PRODUCT = YES;
			};
			name = Release;
		};
		DDFEBBF922430FEF00ACD899 /* Debug */ = {
			isa = XCBuildConfiguration;
			buildSettings = {
				ASSETCATALOG_COMPILER_APPICON_NAME = AppIcon;
				CODE_SIGN_STYLE = Automatic;
				DEVELOPMENT_TEAM = PQZ4CCH49M;
				INFOPLIST_FILE = "Color Picker/Info.plist";
				LD_RUNPATH_SEARCH_PATHS = (
					"$(inherited)",
					"@executable_path/Frameworks",
				);
				PRODUCT_BUNDLE_IDENTIFIER = "edu.missouri.engineering.Color-Picker";
				PRODUCT_NAME = "$(TARGET_NAME)";
				SWIFT_VERSION = 4.2;
				TARGETED_DEVICE_FAMILY = "1,2";
			};
			name = Debug;
		};
		DDFEBBFA22430FEF00ACD899 /* Release */ = {
			isa = XCBuildConfiguration;
			buildSettings = {
				ASSETCATALOG_COMPILER_APPICON_NAME = AppIcon;
				CODE_SIGN_STYLE = Automatic;
				DEVELOPMENT_TEAM = PQZ4CCH49M;
				INFOPLIST_FILE = "Color Picker/Info.plist";
				LD_RUNPATH_SEARCH_PATHS = (
					"$(inherited)",
					"@executable_path/Frameworks",
				);
				PRODUCT_BUNDLE_IDENTIFIER = "edu.missouri.engineering.Color-Picker";
				PRODUCT_NAME = "$(TARGET_NAME)";
				SWIFT_VERSION = 4.2;
				TARGETED_DEVICE_FAMILY = "1,2";
			};
			name = Release;
		};
		DDFEBBFC22430FEF00ACD899 /* Debug */ = {
			isa = XCBuildConfiguration;
			buildSettings = {
				ALWAYS_EMBED_SWIFT_STANDARD_LIBRARIES = YES;
				CODE_SIGN_STYLE = Automatic;
				DEVELOPMENT_TEAM = PQZ4CCH49M;
				INFOPLIST_FILE = "Color PickerUITests/Info.plist";
				LD_RUNPATH_SEARCH_PATHS = (
					"$(inherited)",
					"@executable_path/Frameworks",
					"@loader_path/Frameworks",
				);
				PRODUCT_BUNDLE_IDENTIFIER = "edu.missouri.engineering.Color-PickerUITests";
				PRODUCT_NAME = "$(TARGET_NAME)";
				SWIFT_VERSION = 4.2;
				TARGETED_DEVICE_FAMILY = "1,2";
				TEST_TARGET_NAME = "Color Picker";
			};
			name = Debug;
		};
		DDFEBBFD22430FEF00ACD899 /* Release */ = {
			isa = XCBuildConfiguration;
			buildSettings = {
				ALWAYS_EMBED_SWIFT_STANDARD_LIBRARIES = YES;
				CODE_SIGN_STYLE = Automatic;
				DEVELOPMENT_TEAM = PQZ4CCH49M;
				INFOPLIST_FILE = "Color PickerUITests/Info.plist";
				LD_RUNPATH_SEARCH_PATHS = (
					"$(inherited)",
					"@executable_path/Frameworks",
					"@loader_path/Frameworks",
				);
				PRODUCT_BUNDLE_IDENTIFIER = "edu.missouri.engineering.Color-PickerUITests";
				PRODUCT_NAME = "$(TARGET_NAME)";
				SWIFT_VERSION = 4.2;
				TARGETED_DEVICE_FAMILY = "1,2";
				TEST_TARGET_NAME = "Color Picker";
			};
			name = Release;
		};
/* End XCBuildConfiguration section */

/* Begin XCConfigurationList section */
		DDFEBBD322430FEE00ACD899 /* Build configuration list for PBXProject "Color Picker" */ = {
			isa = XCConfigurationList;
			buildConfigurations = (
				DDFEBBF622430FEF00ACD899 /* Debug */,
				DDFEBBF722430FEF00ACD899 /* Release */,
			);
			defaultConfigurationIsVisible = 0;
			defaultConfigurationName = Release;
		};
		DDFEBBF822430FEF00ACD899 /* Build configuration list for PBXNativeTarget "Color Picker" */ = {
			isa = XCConfigurationList;
			buildConfigurations = (
				DDFEBBF922430FEF00ACD899 /* Debug */,
				DDFEBBFA22430FEF00ACD899 /* Release */,
			);
			defaultConfigurationIsVisible = 0;
			defaultConfigurationName = Release;
		};
		DDFEBBFB22430FEF00ACD899 /* Build configuration list for PBXNativeTarget "Color PickerUITests" */ = {
			isa = XCConfigurationList;
			buildConfigurations = (
				DDFEBBFC22430FEF00ACD899 /* Debug */,
				DDFEBBFD22430FEF00ACD899 /* Release */,
			);
			defaultConfigurationIsVisible = 0;
			defaultConfigurationName = Release;
		};
/* End XCConfigurationList section */

/* Begin XCVersionGroup section */
		DDFEBBE222430FEE00ACD899 /* Color_Picker.xcdatamodeld */ = {
			isa = XCVersionGroup;
			children = (
				DDFEBBE322430FEE00ACD899 /* Color_Picker.xcdatamodel */,
			);
			currentVersion = DDFEBBE322430FEE00ACD899 /* Color_Picker.xcdatamodel */;
			path = Color_Picker.xcdatamodeld;
			sourceTree = "<group>";
			versionGroupType = wrapper.xcdatamodel;
		};
/* End XCVersionGroup section */
	};
	rootObject = DDFEBBD022430FEE00ACD899 /* Project object */;
}
